
Microsoft Visual Studio Solution File, Format Version 12.00
# Visual Studio 15
VisualStudioVersion = 15.0.28307.168
MinimumVisualStudioVersion = 10.0.40219.1
Project("{9A19103F-16F7-4668-BE54-9A1E7A4F7556}") = "HC.Web", "HC.Web\HC.Web\HC.Web.csproj", "{CC1A9F35-F4A6-4B31-9550-4599B9FDD22F}"
EndProject
Project("{9A19103F-16F7-4668-BE54-9A1E7A4F7556}") = "HC.Core", "HC.Core\HC.Core.csproj", "{6AB9A7A0-21C1-4C74-9698-DC587EED6B1E}"
EndProject
Project("{9A19103F-16F7-4668-BE54-9A1E7A4F7556}") = "HC.Application", "HC.Application\HC.Application.csproj", "{88A2701E-3DC9-41CC-B947-604EC744DA1B}"
EndProject
Global
	GlobalSection(SolutionConfigurationPlatforms) = preSolution
		Debug|Any CPU = Debug|Any CPU
		Release|Any CPU = Release|Any CPU
	EndGlobalSection
	GlobalSection(ProjectConfigurationPlatforms) = postSolution
		{CC1A9F35-F4A6-4B31-9550-4599B9FDD22F}.Debug|Any CPU.ActiveCfg = Debug|Any CPU
		{CC1A9F35-F4A6-4B31-9550-4599B9FDD22F}.Debug|Any CPU.Build.0 = Debug|Any CPU
		{CC1A9F35-F4A6-4B31-9550-4599B9FDD22F}.Release|Any CPU.ActiveCfg = Release|Any CPU
		{CC1A9F35-F4A6-4B31-9550-4599B9FDD22F}.Release|Any CPU.Build.0 = Release|Any CPU
		{6AB9A7A0-21C1-4C74-9698-DC587EED6B1E}.Debug|Any CPU.ActiveCfg = Debug|Any CPU
		{6AB9A7A0-21C1-4C74-9698-DC587EED6B1E}.Debug|Any CPU.Build.0 = Debug|Any CPU
		{6AB9A7A0-21C1-4C74-9698-DC587EED6B1E}.Release|Any CPU.ActiveCfg = Release|Any CPU
		{6AB9A7A0-21C1-4C74-9698-DC587EED6B1E}.Release|Any CPU.Build.0 = Release|Any CPU
		{88A2701E-3DC9-41CC-B947-604EC744DA1B}.Debug|Any CPU.ActiveCfg = Debug|Any CPU
		{88A2701E-3DC9-41CC-B947-604EC744DA1B}.Debug|Any CPU.Build.0 = Debug|Any CPU
		{88A2701E-3DC9-41CC-B947-604EC744DA1B}.Release|Any CPU.ActiveCfg = Release|Any CPU
		{88A2701E-3DC9-41CC-B947-604EC744DA1B}.Release|Any CPU.Build.0 = Release|Any CPU
	EndGlobalSection
	GlobalSection(SolutionProperties) = preSolution
		HideSolutionNode = FALSE
	EndGlobalSection
	GlobalSection(ExtensibilityGlobals) = postSolution
		SolutionGuid = {AD9C652F-6AF3-4F78-A15D-DEE0109F0925}
	EndGlobalSection
EndGlobal
